github.com/TcM1911/r2g2 v0.3.2 h1:v+MaRN0sAGZsVP3+CC8WlL1psWZfAQwL5oTzSeF0K0s=
github.com/TcM1911/r2g2 v0.3.2/go.mod h1:PkHPKq4ChUQ67gkJNZDpIFukIClcFtSyBwsqyyF+ELA=
github.com/blacktop/go-dwarf v1.0.13 h1:6tBlMSQuD5KFGDcBHGuzfWQ2qwjhHtDTn2gwhS/Ehpk=
github.com/blacktop/go-dwarf v1.0.13/go.mod h1:4W2FKgSFYcZLDwnR7k+apv5i3nrau4NGl9N6VQ9DSTo=
github.com/blacktop/go-macho v1.1.243 h1:QIyyNfOHMg7mcn5SdFD5DVTg/n4PjvkzeHL8EDhfQG4=
github.com/blacktop/go-macho v1.1.243/go.mod h1:H8b4LL6xeoZbDm1m/P/3bQNw9ap2YL+V8W5H6aBjeSs=
github.com/davecgh/go-spew v1.1.1 h1:vj9j/u1bqnvCEfJOwUhtlOARqs3+rkHYY13jYWTU97c=
github.com/davecgh/go-spew v1.1.1/go.mod h1:J7Y8YcW2NihsgmVo/mv3lAwl/skON4iLHjSsI+c5H38=
github.com/goretk/gore v0.13.8 h1:FxC1onF6qrfc5d5ho7W5YDP3LOEmcDkWpglkLJBZUos=
github.com/goretk/gore v0.13.8/go.mod h1:xpNkrDy+K4EZE/Z8vhN/0tGZsK775YqyjibI81jeqfg=
github.com/matryer/is v1.4.0 h1:sosSmIWwkYITGrxZ25ULNDeKiMNzFSr4V/eqBQP0PeE=
github.com/matryer/is v1.4.0/go.mod h1:8I/i5uYgLzgsgEloJE1U6xx5HkBQpAZvepWuujKwMRU=
github.com/pmezard/go-difflib v1.0.0 h1:4DBwDE0NGyQoBHbLQYPwSUPoCMWR5BEzIk/f1lZbAQM=
github.com/pmezard/go-difflib v1.0.0/go.mod h1:iKH77koFhYxTK1pcRnkKkqfTogsbg7gZNVY4sRDYZ/4=
github.com/stretchr/testify v1.8.4 h1:CcVxjf3Q8PM0mHUKJCdn+eZZtm5yQwehR5yeSVQQcUk=
github.com/stretchr/testify v1.8.4/go.mod h1:sz/lmYIOXD/1dqDmKjjqLyZ2RngseejIcXlSw2iwfAo=
golang.org/x/arch v0.15.0 h1:QtOrQd0bTUnhNVNndMpLHNWrDmYzZ2KDqSrEymqInZw=
golang.org/x/arch v0.15.0/go.mod h1:JmwW7aLIoRUKgaTzhkiEFxvcEiQGyOg9BMonBJUS7EE=
gopkg.in/yaml.v3 v3.0.1 h1:fxVm/GzAzEWqLHuvctI91KS9hhNmmWOoWu0XTYJS7CA=
gopkg.in/yaml.v3 v3.0.1/go.mod h1:K4uyk7z7BCEPqu6E+C64Yfv1cQ7kz7rIZviUmN+EgEM=
